github.com/vbsw/exp-001a v1.0.0 h1:3lQ3OrzMqjXHuWpuATfS3ETcB2P5VKcOy3+WiRGXEPI=
github.com/vbsw/exp-001a v1.0.0/go.mod h1:rgLUVnjPTeYRXDMYNfOwOUgXgGD9S9zG1WgTOPW4HdY=
github.com/vbsw/exp-001b v1.0.0 h1:BRvHQTAjpN7UDY0vaa48dT4oMQpI/YHRf8bQimgpM9I=
github.com/vbsw/exp-001b v1.0.0/go.mod h1:TpPK93JvcGdfkfUYgaS6c7LYLb/KSVJQXwahe/rol+E=
